{
  "name": "gowtham-creator",
  "lockfileVersion": 3,
  "requires": true,
  "packages": {
    "": {
      "name": "gowtham-creator",
      "dependencies": {
        "thesvg": "^3.3.8"
      }
    },
    "node_modules/@thesvg/icons": {
      "version": "3.3.8",
      "resolved": "https://registry.npmjs.org/@thesvg/icons/-/icons-3.3.8.tgz",
      "integrity": "sha512-3NbRF2NT7LMURWY8eVqQiVdsi5PVjV+9g8182IuNgMAvJcaDgB5pCjy+DhNyazwQrvFBpWB8vafNF7n3YSf6Fw==",
      "license": "MIT",
      "engines": {
        "node": ">=18"
      }
    },
    "node_modules/thesvg": {
      "version": "3.3.8",
      "resolved": "https://registry.npmjs.org/thesvg/-/thesvg-3.3.8.tgz",
      "integrity": "sha512-RVSaejBfwkEFI5iln4zecNdp978tgpNV1BxNKGr7IzTC9xmFhkqqznCeCHEcX2zqH4xSI2BKMjNyhSbVS/ceHg==",
      "license": "MIT",
      "dependencies": {
        "@thesvg/icons": "3.3.8"
      },
      "engines": {
        "node": ">=18"
      }
    }
  }
}
